
Microsoft Visual Studio Solution File, Format Version 12.00
# Visual Studio 15
VisualStudioVersion = 15.0.28010.2048
MinimumVisualStudioVersion = 10.0.40219.1
Project("{FAE04EC0-301F-11D3-BF4B-00C04F79EFBC}") = "MemLeaker", "MemLeaker\MemLeaker.csproj", "{D00CC5BC-23CE-4F2F-BA36-85CEE6DD40CE}"
EndProject
Global
	GlobalSection(SolutionConfigurationPlatforms) = preSolution
		Debug|Any CPU = Debug|Any CPU
		Release|Any CPU = Release|Any CPU
	EndGlobalSection
	GlobalSection(ProjectConfigurationPlatforms) = postSolution
		{D00CC5BC-23CE-4F2F-BA36-85CEE6DD40CE}.Debug|Any CPU.ActiveCfg = Debug|Any CPU
		{D00CC5BC-23CE-4F2F-BA36-85CEE6DD40CE}.Debug|Any CPU.Build.0 = Debug|Any CPU
		{D00CC5BC-23CE-4F2F-BA36-85CEE6DD40CE}.Release|Any CPU.ActiveCfg = Release|Any CPU
		{D00CC5BC-23CE-4F2F-BA36-85CEE6DD40CE}.Release|Any CPU.Build.0 = Release|Any CPU
	EndGlobalSection
	GlobalSection(SolutionProperties) = preSolution
		HideSolutionNode = FALSE
	EndGlobalSection
	GlobalSection(ExtensibilityGlobals) = postSolution
		SolutionGuid = {9DFC5126-2CFC-4608-B75A-0E2AAF3A7C85}
	EndGlobalSection
EndGlobal
